
Microsoft Visual Studio Solution File, Format Version 12.00
# Visual Studio Version 17
VisualStudioVersion = 17.5.002.0
MinimumVisualStudioVersion = 10.0.40219.1
Project("{9A19103F-16F7-4668-BE54-9A1E7A4F7556}") = "ConsoleApp6", "ConsoleApp6\ConsoleApp6.csproj", "{4960159E-BA4B-4291-A6CE-93B7AE6E088D}"
EndProject
Global
	GlobalSection(SolutionConfigurationPlatforms) = preSolution
		Debug|Any CPU = Debug|Any CPU
		Release|Any CPU = Release|Any CPU
	EndGlobalSection
	GlobalSection(ProjectConfigurationPlatforms) = postSolution
		{4960159E-BA4B-4291-A6CE-93B7AE6E088D}.Debug|Any CPU.ActiveCfg = Debug|Any CPU
		{4960159E-BA4B-4291-A6CE-93B7AE6E088D}.Debug|Any CPU.Build.0 = Debug|Any CPU
		{4960159E-BA4B-4291-A6CE-93B7AE6E088D}.Release|Any CPU.ActiveCfg = Release|Any CPU
		{4960159E-BA4B-4291-A6CE-93B7AE6E088D}.Release|Any CPU.Build.0 = Release|Any CPU
	EndGlobalSection
	GlobalSection(SolutionProperties) = preSolution
		HideSolutionNode = FALSE
	EndGlobalSection
	GlobalSection(ExtensibilityGlobals) = postSolution
		SolutionGuid = {4C44EA22-4BF3-48FC-AB83-EDE0E1CB7810}
	EndGlobalSection
EndGlobal
